
Microsoft Visual Studio Solution File, Format Version 12.00
# Visual Studio Version 17
VisualStudioVersion = 17.10.35122.118
MinimumVisualStudioVersion = 10.0.40219.1
Project("{FAE04EC0-301F-11D3-BF4B-00C04F79EFBC}") = "RecipeBook", "RecipeBook\RecipeBook.csproj", "{9DC14009-7116-4039-B852-A740FFFDEA87}"
EndProject
Project("{FAE04EC0-301F-11D3-BF4B-00C04F79EFBC}") = "RecipeBook.Client", "RecipeBook.Client\RecipeBook.Client.csproj", "{1942ED0B-23F9-4E57-881B-26F00CDBFE3A}"
EndProject
Global
	GlobalSection(SolutionConfigurationPlatforms) = preSolution
		Debug|Any CPU = Debug|Any CPU
		Release|Any CPU = Release|Any CPU
	EndGlobalSection
	GlobalSection(ProjectConfigurationPlatforms) = postSolution
		{9DC14009-7116-4039-B852-A740FFFDEA87}.Debug|Any CPU.ActiveCfg = Debug|Any CPU
		{9DC14009-7116-4039-B852-A740FFFDEA87}.Debug|Any CPU.Build.0 = Debug|Any CPU
		{9DC14009-7116-4039-B852-A740FFFDEA87}.Release|Any CPU.ActiveCfg = Release|Any CPU
		{9DC14009-7116-4039-B852-A740FFFDEA87}.Release|Any CPU.Build.0 = Release|Any CPU
		{1942ED0B-23F9-4E57-881B-26F00CDBFE3A}.Debug|Any CPU.ActiveCfg = Debug|Any CPU
		{1942ED0B-23F9-4E57-881B-26F00CDBFE3A}.Debug|Any CPU.Build.0 = Debug|Any CPU
		{1942ED0B-23F9-4E57-881B-26F00CDBFE3A}.Release|Any CPU.ActiveCfg = Release|Any CPU
		{1942ED0B-23F9-4E57-881B-26F00CDBFE3A}.Release|Any CPU.Build.0 = Release|Any CPU
	EndGlobalSection
	GlobalSection(SolutionProperties) = preSolution
		HideSolutionNode = FALSE
	EndGlobalSection
	GlobalSection(ExtensibilityGlobals) = postSolution
		SolutionGuid = {895A634A-4057-4BC1-9A24-D151BF97300C}
	EndGlobalSection
EndGlobal
